
Microsoft Visual Studio Solution File, Format Version 12.00
# Visual Studio Version 16
VisualStudioVersion = 16.0.29411.108
MinimumVisualStudioVersion = 10.0.40219.1
Project("{00D1A9C2-B5F0-4AF3-8072-F6C62B433612}") = "ExportHistoryReport.Database", "ExportHistoryReport.Database\ExportHistoryReport.Database.sqlproj", "{3346B59A-0845-446E-A550-758C7B841C76}"
EndProject
Project("{FAE04EC0-301F-11D3-BF4B-00C04F79EFBC}") = "ExportHistoryReport.Forms", "ExportHistoryReport.Forms\ExportHistoryReport.Forms.csproj", "{5745F001-2324-45D4-AD7A-398491A26D84}"
EndProject
Project("{FAE04EC0-301F-11D3-BF4B-00C04F79EFBC}") = "ExportHistoryReport.DataLayer", "ExportHistoryReport.DataLayer\ExportHistoryReport.DataLayer.csproj", "{0819E843-028D-427B-BE2A-322887D914CD}"
EndProject
Global
	GlobalSection(SolutionConfigurationPlatforms) = preSolution
		Debug|Any CPU = Debug|Any CPU
		Release|Any CPU = Release|Any CPU
	EndGlobalSection
	GlobalSection(ProjectConfigurationPlatforms) = postSolution
		{3346B59A-0845-446E-A550-758C7B841C76}.Debug|Any CPU.ActiveCfg = Debug|Any CPU
		{3346B59A-0845-446E-A550-758C7B841C76}.Debug|Any CPU.Build.0 = Debug|Any CPU
		{3346B59A-0845-446E-A550-758C7B841C76}.Debug|Any CPU.Deploy.0 = Debug|Any CPU
		{3346B59A-0845-446E-A550-758C7B841C76}.Release|Any CPU.ActiveCfg = Release|Any CPU
		{3346B59A-0845-446E-A550-758C7B841C76}.Release|Any CPU.Build.0 = Release|Any CPU
		{3346B59A-0845-446E-A550-758C7B841C76}.Release|Any CPU.Deploy.0 = Release|Any CPU
		{5745F001-2324-45D4-AD7A-398491A26D84}.Debug|Any CPU.ActiveCfg = Debug|Any CPU
		{5745F001-2324-45D4-AD7A-398491A26D84}.Debug|Any CPU.Build.0 = Debug|Any CPU
		{5745F001-2324-45D4-AD7A-398491A26D84}.Release|Any CPU.ActiveCfg = Release|Any CPU
		{5745F001-2324-45D4-AD7A-398491A26D84}.Release|Any CPU.Build.0 = Release|Any CPU
		{0819E843-028D-427B-BE2A-322887D914CD}.Debug|Any CPU.ActiveCfg = Debug|Any CPU
		{0819E843-028D-427B-BE2A-322887D914CD}.Debug|Any CPU.Build.0 = Debug|Any CPU
		{0819E843-028D-427B-BE2A-322887D914CD}.Release|Any CPU.ActiveCfg = Release|Any CPU
		{0819E843-028D-427B-BE2A-322887D914CD}.Release|Any CPU.Build.0 = Release|Any CPU
	EndGlobalSection
	GlobalSection(SolutionProperties) = preSolution
		HideSolutionNode = FALSE
	EndGlobalSection
	GlobalSection(ExtensibilityGlobals) = postSolution
		SolutionGuid = {BD17A202-3FB8-43F0-BC56-A4DD3837F722}
	EndGlobalSection
EndGlobal
